{
    "_readme": [
        "This file locks the dependencies of your project to a known state",
        "Read more about it at http://getcomposer.org/doc/01-basic-usage.md#composer-lock-the-lock-file"
    ],
    "hash": "247a96c57fe405a0d06e3c5489d03150",
    "packages": [
        {
            "name": "carica/firmata",
            "version": "dev-master",
            "source": {
                "type": "git",
                "url": "https://bitbucket.org/ThomasWeinert/carica-firmata.git",
                "reference": "ada3cc0f6da0ba70496fc4d1bf84685a6eb3c12c"
            },
            "dist": {
                "type": "zip",
                "url": "https://bitbucket.org/ThomasWeinert/carica-firmata/get/ada3cc0f6da0ba70496fc4d1bf84685a6eb3c12c.zip",
                "reference": "ada3cc0f6da0ba70496fc4d1bf84685a6eb3c12c",
                "shasum": ""
            },
            "require": {
                "carica/io": "dev-master",
                "php": ">=5.4"
            },
            "type": "library",
            "autoload": {
                "psr-0": {
                    "Carica\\Firmata": "src"
                }
            },
            "notification-url": "http://packagist.org/downloads/",
            "license": [
                "MIT"
            ],
            "authors": [
                {
                    "name": "Thomas Weinert",
                    "email": "thomas@weinert.info"
                }
            ],
            "description": "Firmata client library",
            "homepage": "https://bitbucket.org/ThomasWeinert/carica-firmata/",
            "keywords": [
                "arduino",
                "firmata"
            ],
            "time": "2013-09-15 20:33:21"
        },
        {
            "name": "carica/io",
            "version": "dev-master",
            "source": {
                "type": "git",
                "url": "https://bitbucket.org/ThomasWeinert/carica-io.git",
                "reference": "99a73616a443922831d4bcaa00452cfdbcbec0ca"
            },
            "dist": {
                "type": "zip",
                "url": "https://bitbucket.org/ThomasWeinert/carica-io/get/99a73616a443922831d4bcaa00452cfdbcbec0ca.zip",
                "reference": "99a73616a443922831d4bcaa00452cfdbcbec0ca",
                "shasum": ""
            },
            "require": {
                "php": ">=5.4"
            },
            "type": "library",
            "autoload": {
                "psr-0": {
                    "Carica\\Io": "src"
                }
            },
            "notification-url": "http://packagist.org/downloads/",
            "license": [
                "MIT"
            ],
            "authors": [
                {
                    "name": "Thomas Weinert",
                    "email": "thomas@weinert.info"
                }
            ],
            "description": "Non blocking I/O for PHP",
            "homepage": "https://bitbucket.org/ThomasWeinert/carica-io/",
            "keywords": [
                "asynchronous-io",
                "non-blocking-io"
            ],
            "time": "2013-09-15 13:52:54"
        }
    ],
    "packages-dev": [

    ],
    "aliases": [

    ],
    "minimum-stability": "stable",
    "stability-flags": {
        "carica/io": 20,
        "carica/firmata": 20
    },
    "platform": {
        "php": ">=5.4"
    },
    "platform-dev": [

    ]
}
