{
    "_readme": [
        "This file locks the dependencies of your project to a known state",
        "Read more about it at https://getcomposer.org/doc/01-basic-usage.md#composer-lock-the-lock-file",
        "This file is @generated automatically"
    ],
    "hash": "0d52a8fc63674c386b228873c1ebcabb",
    "content-hash": "0ec37caa4caa1b72df80c07a09b16048",
    "packages": [
        {
            "name": "carica/io",
            "version": "dev-master",
            "source": {
                "type": "git",
                "url": "https://github.com/ThomasWeinert/carica-io.git",
                "reference": "ecb24e2c3708823f59cb6224b4b82bdb49e0eab2"
            },
            "dist": {
                "type": "zip",
                "url": "https://api.github.com/repos/ThomasWeinert/carica-io/zipball/ecb24e2c3708823f59cb6224b4b82bdb49e0eab2",
                "reference": "ecb24e2c3708823f59cb6224b4b82bdb49e0eab2",
                "shasum": ""
            },
            "require": {
                "php": ">=5.4"
            },
            "type": "library",
            "autoload": {
                "psr-4": {
                    "Carica\\Io\\": "src/"
                }
            },
            "notification-url": "https://packagist.org/downloads/",
            "license": [
                "MIT"
            ],
            "authors": [
                {
                    "name": "Thomas Weinert",
                    "email": "thomas@weinert.info"
                }
            ],
            "description": "Non blocking I/O for PHP",
            "homepage": "https://github.com/ThomasWeinert/carica-io",
            "keywords": [
                "asynchronous-io",
                "non-blocking-io"
            ],
            "time": "2016-05-28 11:48:00"
        }
    ],
    "packages-dev": [
        {
            "name": "carica/firmata",
            "version": "dev-master",
            "source": {
                "type": "git",
                "url": "https://github.com/ThomasWeinert/carica-firmata.git",
                "reference": "44448e88247004c59287567f8cbc4fcad1e375a9"
            },
            "dist": {
                "type": "zip",
                "url": "https://api.github.com/repos/ThomasWeinert/carica-firmata/zipball/44448e88247004c59287567f8cbc4fcad1e375a9",
                "reference": "44448e88247004c59287567f8cbc4fcad1e375a9",
                "shasum": ""
            },
            "require": {
                "carica/io": "dev-master",
                "php": ">=5.4"
            },
            "provide": {
                "carica/io-devices": "0.0.1"
            },
            "type": "library",
            "autoload": {
                "psr-4": {
                    "Carica\\Firmata\\": "src/"
                }
            },
            "notification-url": "https://packagist.org/downloads/",
            "license": [
                "MIT"
            ],
            "authors": [
                {
                    "name": "Thomas Weinert",
                    "email": "thomas@weinert.info"
                }
            ],
            "description": "Firmata client library",
            "homepage": "https://github.com/ThomasWeinert/carica-firmata",
            "keywords": [
                "arduino",
                "firmata"
            ],
            "time": "2015-08-13 09:47:52"
        },
        {
            "name": "phake/phake",
            "version": "1.0.8",
            "source": {
                "type": "git",
                "url": "https://github.com/mlively/Phake.git",
                "reference": "c5a3d7a75fc7431e8a5e21a922f084af95456bc6"
            },
            "dist": {
                "type": "zip",
                "url": "https://api.github.com/repos/mlively/Phake/zipball/c5a3d7a75fc7431e8a5e21a922f084af95456bc6",
                "reference": "c5a3d7a75fc7431e8a5e21a922f084af95456bc6",
                "shasum": ""
            },
            "require": {
                "php": ">=5.2.0"
            },
            "require-dev": {
                "doctrine/common": "2.3.*",
                "ext-soap": "*",
                "hamcrest/hamcrest-php": "1.1.0",
                "phpunit/phpunit": "3.7.*"
            },
            "type": "library",
            "autoload": {
                "classmap": [
                    "src"
                ]
            },
            "notification-url": "https://packagist.org/downloads/",
            "include-path": [
                "src"
            ],
            "license": [
                "BSD"
            ],
            "authors": [
                {
                    "name": "Mike Lively",
                    "email": "m@digitalsandwich.com"
                }
            ],
            "description": "The Phake mock testing library",
            "homepage": "https://github.com/mlively/Phake",
            "keywords": [
                "mock",
                "testing"
            ],
            "time": "2015-01-27 15:48:39"
        }
    ],
    "aliases": [],
    "minimum-stability": "stable",
    "stability-flags": {
        "carica/io": 20,
        "carica/firmata": 20
    },
    "prefer-stable": false,
    "prefer-lowest": false,
    "platform": {
        "php": ">=5.4"
    },
    "platform-dev": []
}
